
Microsoft Visual Studio Solution File, Format Version 12.00
# Visual Studio Version 17
VisualStudioVersion = 17.13.35806.99
MinimumVisualStudioVersion = 10.0.40219.1
Project("{FAE04EC0-301F-11D3-BF4B-00C04F79EFBC}") = "01.Train", "01.Train\01.Train.csproj", "{649ADDF8-F9C1-4532-9E43-EE353419DF64}"
EndProject
Project("{FAE04EC0-301F-11D3-BF4B-00C04F79EFBC}") = "02.HouseParty", "02.HouseParty\02.HouseParty.csproj", "{27CE55BD-A21B-4578-977C-079797E9FAA4}"
EndProject
Project("{FAE04EC0-301F-11D3-BF4B-00C04F79EFBC}") = "03.ListOperations", "03.ListOperations\03.ListOperations.csproj", "{B9B2B7ED-F0C4-4E72-8BC4-D032CD1763D3}"
EndProject
Project("{FAE04EC0-301F-11D3-BF4B-00C04F79EFBC}") = "04.ListManipulationBasics", "04.ListManipulationBasics\04.ListManipulationBasics.csproj", "{6A9B1D91-7039-4DC8-8477-FEAE5DA02A12}"
EndProject
Project("{FAE04EC0-301F-11D3-BF4B-00C04F79EFBC}") = "05.BombNumbers", "05.BombNumbers\05.BombNumbers.csproj", "{051ED305-9D4A-4B53-B634-6CD3CD6DF346}"
EndProject
Global
	GlobalSection(SolutionConfigurationPlatforms) = preSolution
		Debug|Any CPU = Debug|Any CPU
		Release|Any CPU = Release|Any CPU
	EndGlobalSection
	GlobalSection(ProjectConfigurationPlatforms) = postSolution
		{649ADDF8-F9C1-4532-9E43-EE353419DF64}.Debug|Any CPU.ActiveCfg = Debug|Any CPU
		{649ADDF8-F9C1-4532-9E43-EE353419DF64}.Debug|Any CPU.Build.0 = Debug|Any CPU
		{649ADDF8-F9C1-4532-9E43-EE353419DF64}.Release|Any CPU.ActiveCfg = Release|Any CPU
		{649ADDF8-F9C1-4532-9E43-EE353419DF64}.Release|Any CPU.Build.0 = Release|Any CPU
		{27CE55BD-A21B-4578-977C-079797E9FAA4}.Debug|Any CPU.ActiveCfg = Debug|Any CPU
		{27CE55BD-A21B-4578-977C-079797E9FAA4}.Debug|Any CPU.Build.0 = Debug|Any CPU
		{27CE55BD-A21B-4578-977C-079797E9FAA4}.Release|Any CPU.ActiveCfg = Release|Any CPU
		{27CE55BD-A21B-4578-977C-079797E9FAA4}.Release|Any CPU.Build.0 = Release|Any CPU
		{B9B2B7ED-F0C4-4E72-8BC4-D032CD1763D3}.Debug|Any CPU.ActiveCfg = Debug|Any CPU
		{B9B2B7ED-F0C4-4E72-8BC4-D032CD1763D3}.Debug|Any CPU.Build.0 = Debug|Any CPU
		{B9B2B7ED-F0C4-4E72-8BC4-D032CD1763D3}.Release|Any CPU.ActiveCfg = Release|Any CPU
		{B9B2B7ED-F0C4-4E72-8BC4-D032CD1763D3}.Release|Any CPU.Build.0 = Release|Any CPU
		{6A9B1D91-7039-4DC8-8477-FEAE5DA02A12}.Debug|Any CPU.ActiveCfg = Debug|Any CPU
		{6A9B1D91-7039-4DC8-8477-FEAE5DA02A12}.Debug|Any CPU.Build.0 = Debug|Any CPU
		{6A9B1D91-7039-4DC8-8477-FEAE5DA02A12}.Release|Any CPU.ActiveCfg = Release|Any CPU
		{6A9B1D91-7039-4DC8-8477-FEAE5DA02A12}.Release|Any CPU.Build.0 = Release|Any CPU
		{051ED305-9D4A-4B53-B634-6CD3CD6DF346}.Debug|Any CPU.ActiveCfg = Debug|Any CPU
		{051ED305-9D4A-4B53-B634-6CD3CD6DF346}.Debug|Any CPU.Build.0 = Debug|Any CPU
		{051ED305-9D4A-4B53-B634-6CD3CD6DF346}.Release|Any CPU.ActiveCfg = Release|Any CPU
		{051ED305-9D4A-4B53-B634-6CD3CD6DF346}.Release|Any CPU.Build.0 = Release|Any CPU
	EndGlobalSection
	GlobalSection(SolutionProperties) = preSolution
		HideSolutionNode = FALSE
	EndGlobalSection
	GlobalSection(ExtensibilityGlobals) = postSolution
		SolutionGuid = {F7619B57-810C-4636-8A58-35E2BD298BE7}
	EndGlobalSection
EndGlobal
